// !$*UTF8*$!
{
	archiveVersion = 1;
	classes = {
	};
	objectVersion = 77;
	objects = {

/* Begin PBXBuildFile section */
		20819FA52D4C5738009D5517 /* ComposableArchitecture in Frameworks */ = {isa = PBXBuildFile; productRef = 20819FA42D4C5738009D5517 /* ComposableArchitecture */; };
		20F483422D4D9DB20079019C /* RequestLib in Frameworks */ = {isa = PBXBuildFile; productRef = 20F483412D4D9DB20079019C /* RequestLib */; };
/* End PBXBuildFile section */

/* Begin PBXContainerItemProxy section */
		20819F6B2D4C459C009D5517 /* PBXContainerItemProxy */ = {
			isa = PBXContainerItemProxy;
			containerPortal = 20819F502D4C4599009D5517 /* Project object */;
			proxyType = 1;
			remoteGlobalIDString = 20819F572D4C4599009D5517;
			remoteInfo = NASA_App;
		};
		20819F752D4C459C009D5517 /* PBXContainerItemProxy */ = {
			isa = PBXContainerItemProxy;
			containerPortal = 20819F502D4C4599009D5517 /* Project object */;
			proxyType = 1;
			remoteGlobalIDString = 20819F572D4C4599009D5517;
			remoteInfo = NASA_App;
		};
/* End PBXContainerItemProxy section */

/* Begin PBXFileReference section */
		20819F582D4C4599009D5517 /* NASA_App.app */ = {isa = PBXFileReference; explicitFileType = wrapper.application; includeInIndex = 0; path = NASA_App.app; sourceTree = BUILT_PRODUCTS_DIR; };
		20819F6A2D4C459C009D5517 /* NASA_AppTests.xctest */ = {isa = PBXFileReference; explicitFileType = wrapper.cfbundle; includeInIndex = 0; path = NASA_AppTests.xctest; sourceTree = BUILT_PRODUCTS_DIR; };
		20819F742D4C459C009D5517 /* NASA_AppUITests.xctest */ = {isa = PBXFileReference; explicitFileType = wrapper.cfbundle; includeInIndex = 0; path = NASA_AppUITests.xctest; sourceTree = BUILT_PRODUCTS_DIR; };
/* End PBXFileReference section */

/* Begin PBXFileSystemSynchronizedRootGroup section */
		20819F5A2D4C4599009D5517 /* NASA_App */ = {
			isa = PBXFileSystemSynchronizedRootGroup;
			path = NASA_App;
			sourceTree = "<group>";
		};
		20819F6D2D4C459C009D5517 /* NASA_AppTests */ = {
			isa = PBXFileSystemSynchronizedRootGroup;
			path = NASA_AppTests;
			sourceTree = "<group>";
		};
		20819F772D4C459C009D5517 /* NASA_AppUITests */ = {
			isa = PBXFileSystemSynchronizedRootGroup;
			path = NASA_AppUITests;
			sourceTree = "<group>";
		};
/* End PBXFileSystemSynchronizedRootGroup section */

/* Begin PBXFrameworksBuildPhase section */
		20819F552D4C4599009D5517 /* Frameworks */ = {
			isa = PBXFrameworksBuildPhase;
			buildActionMask = 2147483647;
			files = (
				20F483422D4D9DB20079019C /* RequestLib in Frameworks */,
				20819FA52D4C5738009D5517 /* ComposableArchitecture in Frameworks */,
			);
			runOnlyForDeploymentPostprocessing = 0;
		};
		20819F672D4C459C009D5517 /* Frameworks */ = {
			isa = PBXFrameworksBuildPhase;
			buildActionMask = 2147483647;
			files = (
			);
			runOnlyForDeploymentPostprocessing = 0;
		};
		20819F712D4C459C009D5517 /* Frameworks */ = {
			isa = PBXFrameworksBuildPhase;
			buildActionMask = 2147483647;
			files = (
			);
			runOnlyForDeploymentPostprocessing = 0;
		};
/* End PBXFrameworksBuildPhase section */

/* Begin PBXGroup section */
		20819F4F2D4C4599009D5517 = {
			isa = PBXGroup;
			children = (
				20819F5A2D4C4599009D5517 /* NASA_App */,
				20819F6D2D4C459C009D5517 /* NASA_AppTests */,
				20819F772D4C459C009D5517 /* NASA_AppUITests */,
				20819F592D4C4599009D5517 /* Products */,
			);
			sourceTree = "<group>";
		};
		20819F592D4C4599009D5517 /* Products */ = {
			isa = PBXGroup;
			children = (
				20819F582D4C4599009D5517 /* NASA_App.app */,
				20819F6A2D4C459C009D5517 /* NASA_AppTests.xctest */,
				20819F742D4C459C009D5517 /* NASA_AppUITests.xctest */,
			);
			name = Products;
			sourceTree = "<group>";
		};
/* End PBXGroup section */

/* Begin PBXNativeTarget section */
		20819F572D4C4599009D5517 /* NASA_App */ = {
			isa = PBXNativeTarget;
			buildConfigurationList = 20819F7E2D4C459C009D5517 /* Build configuration list for PBXNativeTarget "NASA_App" */;
			buildPhases = (
				20819F542D4C4599009D5517 /* Sources */,
				20819F552D4C4599009D5517 /* Frameworks */,
				20819F562D4C4599009D5517 /* Resources */,
			);
			buildRules = (
			);
			dependencies = (
			);
			fileSystemSynchronizedGroups = (
				20819F5A2D4C4599009D5517 /* NASA_App */,
			);
			name = NASA_App;
			packageProductDependencies = (
				20819FA42D4C5738009D5517 /* ComposableArchitecture */,
				20F483412D4D9DB20079019C /* RequestLib */,
			);
			productName = NASA_App;
			productReference = 20819F582D4C4599009D5517 /* NASA_App.app */;
			productType = "com.apple.product-type.application";
		};
		20819F692D4C459C009D5517 /* NASA_AppTests */ = {
			isa = PBXNativeTarget;
			buildConfigurationList = 20819F812D4C459C009D5517 /* Build configuration list for PBXNativeTarget "NASA_AppTests" */;
			buildPhases = (
				20819F662D4C459C009D5517 /* Sources */,
				20819F672D4C459C009D5517 /* Frameworks */,
				20819F682D4C459C009D5517 /* Resources */,
			);
			buildRules = (
			);
			dependencies = (
				20819F6C2D4C459C009D5517 /* PBXTargetDependency */,
			);
			fileSystemSynchronizedGroups = (
				20819F6D2D4C459C009D5517 /* NASA_AppTests */,
			);
			name = NASA_AppTests;
			packageProductDependencies = (
			);
			productName = NASA_AppTests;
			productReference = 20819F6A2D4C459C009D5517 /* NASA_AppTests.xctest */;
			productType = "com.apple.product-type.bundle.unit-test";
		};
		20819F732D4C459C009D5517 /* NASA_AppUITests */ = {
			isa = PBXNativeTarget;
			buildConfigurationList = 20819F842D4C459C009D5517 /* Build configuration list for PBXNativeTarget "NASA_AppUITests" */;
			buildPhases = (
				20819F702D4C459C009D5517 /* Sources */,
				20819F712D4C459C009D5517 /* Frameworks */,
				20819F722D4C459C009D5517 /* Resources */,
			);
			buildRules = (
			);
			dependencies = (
				20819F762D4C459C009D5517 /* PBXTargetDependency */,
			);
			fileSystemSynchronizedGroups = (
				20819F772D4C459C009D5517 /* NASA_AppUITests */,
			);
			name = NASA_AppUITests;
			packageProductDependencies = (
			);
			productName = NASA_AppUITests;
			productReference = 20819F742D4C459C009D5517 /* NASA_AppUITests.xctest */;
			productType = "com.apple.product-type.bundle.ui-testing";
		};
/* End PBXNativeTarget section */

/* Begin PBXProject section */
		20819F502D4C4599009D5517 /* Project object */ = {
			isa = PBXProject;
			attributes = {
				BuildIndependentTargetsInParallel = 1;
				LastSwiftUpdateCheck = 1620;
				LastUpgradeCheck = 1620;
				TargetAttributes = {
					20819F572D4C4599009D5517 = {
						CreatedOnToolsVersion = 16.2;
					};
					20819F692D4C459C009D5517 = {
						CreatedOnToolsVersion = 16.2;
						TestTargetID = 20819F572D4C4599009D5517;
					};
					20819F732D4C459C009D5517 = {
						CreatedOnToolsVersion = 16.2;
						TestTargetID = 20819F572D4C4599009D5517;
					};
				};
			};
			buildConfigurationList = 20819F532D4C4599009D5517 /* Build configuration list for PBXProject "NASA_App" */;
			developmentRegion = en;
			hasScannedForEncodings = 0;
			knownRegions = (
				en,
				Base,
			);
			mainGroup = 20819F4F2D4C4599009D5517;
			minimizedProjectReferenceProxies = 1;
			packageReferences = (
				20819FA32D4C5738009D5517 /* XCRemoteSwiftPackageReference "swift-composable-architecture" */,
				20F483402D4D9DB20079019C /* XCLocalSwiftPackageReference "RequestLib" */,
			);
			preferredProjectObjectVersion = 77;
			productRefGroup = 20819F592D4C4599009D5517 /* Products */;
			projectDirPath = "";
			projectRoot = "";
			targets = (
				20819F572D4C4599009D5517 /* NASA_App */,
				20819F692D4C459C009D5517 /* NASA_AppTests */,
				20819F732D4C459C009D5517 /* NASA_AppUITests */,
			);
		};
/* End PBXProject section */

/* Begin PBXResourcesBuildPhase section */
		20819F562D4C4599009D5517 /* Resources */ = {
			isa = PBXResourcesBuildPhase;
			buildActionMask = 2147483647;
			files = (
			);
			runOnlyForDeploymentPostprocessing = 0;
		};
		20819F682D4C459C009D5517 /* Resources */ = {
			isa = PBXResourcesBuildPhase;
			buildActionMask = 2147483647;
			files = (
			);
			runOnlyForDeploymentPostprocessing = 0;
		};
		20819F722D4C459C009D5517 /* Resources */ = {
			isa = PBXResourcesBuildPhase;
			buildActionMask = 2147483647;
			files = (
			);
			runOnlyForDeploymentPostprocessing = 0;
		};
/* End PBXResourcesBuildPhase section */

/* Begin PBXSourcesBuildPhase section */
		20819F542D4C4599009D5517 /* Sources */ = {
			isa = PBXSourcesBuildPhase;
			buildActionMask = 2147483647;
			files = (
			);
			runOnlyForDeploymentPostprocessing = 0;
		};
		20819F662D4C459C009D5517 /* Sources */ = {
			isa = PBXSourcesBuildPhase;
			buildActionMask = 2147483647;
			files = (
			);
			runOnlyForDeploymentPostprocessing = 0;
		};
		20819F702D4C459C009D5517 /* Sources */ = {
			isa = PBXSourcesBuildPhase;
			buildActionMask = 2147483647;
			files = (
			);
			runOnlyForDeploymentPostprocessing = 0;
		};
/* End PBXSourcesBuildPhase section */

/* Begin PBXTargetDependency section */
		20819F6C2D4C459C009D5517 /* PBXTargetDependency */ = {
			isa = PBXTargetDependency;
			target = 20819F572D4C4599009D5517 /* NASA_App */;
			targetProxy = 20819F6B2D4C459C009D5517 /* PBXContainerItemProxy */;
		};
		20819F762D4C459C009D5517 /* PBXTargetDependency */ = {
			isa = PBXTargetDependency;
			target = 20819F572D4C4599009D5517 /* NASA_App */;
			targetProxy = 20819F752D4C459C009D5517 /* PBXContainerItemProxy */;
		};
/* End PBXTargetDependency section */

/* Begin XCBuildConfiguration section */
		20819F7C2D4C459C009D5517 /* Debug */ = {
			isa = XCBuildConfiguration;
			buildSettings = {
				ALWAYS_SEARCH_USER_PATHS = NO;
				ASSETCATALOG_COMPILER_GENERATE_SWIFT_ASSET_SYMBOL_EXTENSIONS = YES;
				CLANG_ANALYZER_NONNULL = YES;
				CLANG_ANALYZER_NUMBER_OBJECT_CONVERSION = YES_AGGRESSIVE;
				CLANG_CXX_LANGUAGE_STANDARD = "gnu++20";
				CLANG_ENABLE_MODULES = YES;
				CLANG_ENABLE_OBJC_ARC = YES;
				CLANG_ENABLE_OBJC_WEAK = YES;
				CLANG_WARN_BLOCK_CAPTURE_AUTORELEASING = YES;
				CLANG_WARN_BOOL_CONVERSION = YES;
				CLANG_WARN_COMMA = YES;
				CLANG_WARN_CONSTANT_CONVERSION = YES;
				CLANG_WARN_DEPRECATED_OBJC_IMPLEMENTATIONS = YES;
				CLANG_WARN_DIRECT_OBJC_ISA_USAGE = YES_ERROR;
				CLANG_WARN_DOCUMENTATION_COMMENTS = YES;
				CLANG_WARN_EMPTY_BODY = YES;
				CLANG_WARN_ENUM_CONVERSION = YES;
				CLANG_WARN_INFINITE_RECURSION = YES;
				CLANG_WARN_INT_CONVERSION = YES;
				CLANG_WARN_NON_LITERAL_NULL_CONVERSION = YES;
				CLANG_WARN_OBJC_IMPLICIT_RETAIN_SELF = YES;
				CLANG_WARN_OBJC_LITERAL_CONVERSION = YES;
				CLANG_WARN_OBJC_ROOT_CLASS = YES_ERROR;
				CLANG_WARN_QUOTED_INCLUDE_IN_FRAMEWORK_HEADER = YES;
				CLANG_WARN_RANGE_LOOP_ANALYSIS = YES;
				CLANG_WARN_STRICT_PROTOTYPES = YES;
				CLANG_WARN_SUSPICIOUS_MOVE = YES;
				CLANG_WARN_UNGUARDED_AVAILABILITY = YES_AGGRESSIVE;
				CLANG_WARN_UNREACHABLE_CODE = YES;
				CLANG_WARN__DUPLICATE_METHOD_MATCH = YES;
				COPY_PHASE_STRIP = NO;
				DEBUG_INFORMATION_FORMAT = dwarf;
				ENABLE_STRICT_OBJC_MSGSEND = YES;
				ENABLE_TESTABILITY = YES;
				ENABLE_USER_SCRIPT_SANDBOXING = YES;
				GCC_C_LANGUAGE_STANDARD = gnu17;
				GCC_DYNAMIC_NO_PIC = NO;
				GCC_NO_COMMON_BLOCKS = YES;
				GCC_OPTIMIZATION_LEVEL = 0;
				GCC_PREPROCESSOR_DEFINITIONS = (
					"DEBUG=1",
					"$(inherited)",
				);
				GCC_WARN_64_TO_32_BIT_CONVERSION = YES;
				GCC_WARN_ABOUT_RETURN_TYPE = YES_ERROR;
				GCC_WARN_UNDECLARED_SELECTOR = YES;
				GCC_WARN_UNINITIALIZED_AUTOS = YES_AGGRESSIVE;
				GCC_WARN_UNUSED_FUNCTION = YES;
				GCC_WARN_UNUSED_VARIABLE = YES;
				IPHONEOS_DEPLOYMENT_TARGET = 18.2;
				LOCALIZATION_PREFERS_STRING_CATALOGS = YES;
				MTL_ENABLE_DEBUG_INFO = INCLUDE_SOURCE;
				MTL_FAST_MATH = YES;
				ONLY_ACTIVE_ARCH = YES;
				SDKROOT = iphoneos;
				SWIFT_ACTIVE_COMPILATION_CONDITIONS = "DEBUG $(inherited)";
				SWIFT_OPTIMIZATION_LEVEL = "-Onone";
			};
			name = Debug;
		};
		20819F7D2D4C459C009D5517 /* Release */ = {
			isa = XCBuildConfiguration;
			buildSettings = {
				ALWAYS_SEARCH_USER_PATHS = NO;
				ASSETCATALOG_COMPILER_GENERATE_SWIFT_ASSET_SYMBOL_EXTENSIONS = YES;
				CLANG_ANALYZER_NONNULL = YES;
				CLANG_ANALYZER_NUMBER_OBJECT_CONVERSION = YES_AGGRESSIVE;
				CLANG_CXX_LANGUAGE_STANDARD = "gnu++20";
				CLANG_ENABLE_MODULES = YES;
				CLANG_ENABLE_OBJC_ARC = YES;
				CLANG_ENABLE_OBJC_WEAK = YES;
				CLANG_WARN_BLOCK_CAPTURE_AUTORELEASING = YES;
				CLANG_WARN_BOOL_CONVERSION = YES;
				CLANG_WARN_COMMA = YES;
				CLANG_WARN_CONSTANT_CONVERSION = YES;
				CLANG_WARN_DEPRECATED_OBJC_IMPLEMENTATIONS = YES;
				CLANG_WARN_DIRECT_OBJC_ISA_USAGE = YES_ERROR;
				CLANG_WARN_DOCUMENTATION_COMMENTS = YES;
				CLANG_WARN_EMPTY_BODY = YES;
				CLANG_WARN_ENUM_CONVERSION = YES;
				CLANG_WARN_INFINITE_RECURSION = YES;
				CLANG_WARN_INT_CONVERSION = YES;
				CLANG_WARN_NON_LITERAL_NULL_CONVERSION = YES;
				CLANG_WARN_OBJC_IMPLICIT_RETAIN_SELF = YES;
				CLANG_WARN_OBJC_LITERAL_CONVERSION = YES;
				CLANG_WARN_OBJC_ROOT_CLASS = YES_ERROR;
				CLANG_WARN_QUOTED_INCLUDE_IN_FRAMEWORK_HEADER = YES;
				CLANG_WARN_RANGE_LOOP_ANALYSIS = YES;
				CLANG_WARN_STRICT_PROTOTYPES = YES;
				CLANG_WARN_SUSPICIOUS_MOVE = YES;
				CLANG_WARN_UNGUARDED_AVAILABILITY = YES_AGGRESSIVE;
				CLANG_WARN_UNREACHABLE_CODE = YES;
				CLANG_WARN__DUPLICATE_METHOD_MATCH = YES;
				COPY_PHASE_STRIP = NO;
				DEBUG_INFORMATION_FORMAT = "dwarf-with-dsym";
				ENABLE_NS_ASSERTIONS = NO;
				ENABLE_STRICT_OBJC_MSGSEND = YES;
				ENABLE_USER_SCRIPT_SANDBOXING = YES;
				GCC_C_LANGUAGE_STANDARD = gnu17;
				GCC_NO_COMMON_BLOCKS = YES;
				GCC_WARN_64_TO_32_BIT_CONVERSION = YES;
				GCC_WARN_ABOUT_RETURN_TYPE = YES_ERROR;
				GCC_WARN_UNDECLARED_SELECTOR = YES;
				GCC_WARN_UNINITIALIZED_AUTOS = YES_AGGRESSIVE;
				GCC_WARN_UNUSED_FUNCTION = YES;
				GCC_WARN_UNUSED_VARIABLE = YES;
				IPHONEOS_DEPLOYMENT_TARGET = 18.2;
				LOCALIZATION_PREFERS_STRING_CATALOGS = YES;
				MTL_ENABLE_DEBUG_INFO = NO;
				MTL_FAST_MATH = YES;
				SDKROOT = iphoneos;
				SWIFT_COMPILATION_MODE = wholemodule;
				VALIDATE_PRODUCT = YES;
			};
			name = Release;
		};
		20819F7F2D4C459C009D5517 /* Debug */ = {
			isa = XCBuildConfiguration;
			buildSettings = {
				ASSETCATALOG_COMPILER_APPICON_NAME = AppIcon;
				ASSETCATALOG_COMPILER_GLOBAL_ACCENT_COLOR_NAME = AccentColor;
				CODE_SIGN_STYLE = Automatic;
				CURRENT_PROJECT_VERSION = 1;
				DEVELOPMENT_ASSET_PATHS = "\"NASA_App/Preview Content\"";
				DEVELOPMENT_TEAM = UNM8Q847F3;
				ENABLE_PREVIEWS = YES;
				GENERATE_INFOPLIST_FILE = YES;
				INFOPLIST_KEY_UIApplicationSceneManifest_Generation = YES;
				INFOPLIST_KEY_UIApplicationSupportsIndirectInputEvents = YES;
				INFOPLIST_KEY_UILaunchScreen_Generation = YES;
				INFOPLIST_KEY_UISupportedInterfaceOrientations_iPad = "UIInterfaceOrientationPortrait UIInterfaceOrientationPortraitUpsideDown UIInterfaceOrientationLandscapeLeft UIInterfaceOrientationLandscapeRight";
				INFOPLIST_KEY_UISupportedInterfaceOrientations_iPhone = "UIInterfaceOrientationPortrait UIInterfaceOrientationLandscapeLeft UIInterfaceOrientationLandscapeRight";
				LD_RUNPATH_SEARCH_PATHS = (
					"$(inherited)",
					"@executable_path/Frameworks",
				);
				MARKETING_VERSION = 1.0;
				PRODUCT_BUNDLE_IDENTIFIER = "br.com.jeratech.NASA-App";
				PRODUCT_NAME = "$(TARGET_NAME)";
				SWIFT_EMIT_LOC_STRINGS = YES;
				SWIFT_VERSION = 5.0;
				TARGETED_DEVICE_FAMILY = "1,2";
			};
			name = Debug;
		};
		20819F802D4C459C009D5517 /* Release */ = {
			isa = XCBuildConfiguration;
			buildSettings = {
				ASSETCATALOG_COMPILER_APPICON_NAME = AppIcon;
				ASSETCATALOG_COMPILER_GLOBAL_ACCENT_COLOR_NAME = AccentColor;
				CODE_SIGN_STYLE = Automatic;
				CURRENT_PROJECT_VERSION = 1;
				DEVELOPMENT_ASSET_PATHS = "\"NASA_App/Preview Content\"";
				DEVELOPMENT_TEAM = UNM8Q847F3;
				ENABLE_PREVIEWS = YES;
				GENERATE_INFOPLIST_FILE = YES;
				INFOPLIST_KEY_UIApplicationSceneManifest_Generation = YES;
				INFOPLIST_KEY_UIApplicationSupportsIndirectInputEvents = YES;
				INFOPLIST_KEY_UILaunchScreen_Generation = YES;
				INFOPLIST_KEY_UISupportedInterfaceOrientations_iPad = "UIInterfaceOrientationPortrait UIInterfaceOrientationPortraitUpsideDown UIInterfaceOrientationLandscapeLeft UIInterfaceOrientationLandscapeRight";
				INFOPLIST_KEY_UISupportedInterfaceOrientations_iPhone = "UIInterfaceOrientationPortrait UIInterfaceOrientationLandscapeLeft UIInterfaceOrientationLandscapeRight";
				LD_RUNPATH_SEARCH_PATHS = (
					"$(inherited)",
					"@executable_path/Frameworks",
				);
				MARKETING_VERSION = 1.0;
				PRODUCT_BUNDLE_IDENTIFIER = "br.com.jeratech.NASA-App";
				PRODUCT_NAME = "$(TARGET_NAME)";
				SWIFT_EMIT_LOC_STRINGS = YES;
				SWIFT_VERSION = 5.0;
				TARGETED_DEVICE_FAMILY = "1,2";
			};
			name = Release;
		};
		20819F822D4C459C009D5517 /* Debug */ = {
			isa = XCBuildConfiguration;
			buildSettings = {
				BUNDLE_LOADER = "$(TEST_HOST)";
				CODE_SIGN_STYLE = Automatic;
				CURRENT_PROJECT_VERSION = 1;
				DEVELOPMENT_TEAM = UNM8Q847F3;
				GENERATE_INFOPLIST_FILE = YES;
				IPHONEOS_DEPLOYMENT_TARGET = 18.2;
				MARKETING_VERSION = 1.0;
				PRODUCT_BUNDLE_IDENTIFIER = "br.com.jeratech.NASA-AppTests";
				PRODUCT_NAME = "$(TARGET_NAME)";
				SWIFT_EMIT_LOC_STRINGS = NO;
				SWIFT_VERSION = 5.0;
				TARGETED_DEVICE_FAMILY = "1,2";
				TEST_HOST = "$(BUILT_PRODUCTS_DIR)/NASA_App.app/$(BUNDLE_EXECUTABLE_FOLDER_PATH)/NASA_App";
			};
			name = Debug;
		};
		20819F832D4C459C009D5517 /* Release */ = {
			isa = XCBuildConfiguration;
			buildSettings = {
				BUNDLE_LOADER = "$(TEST_HOST)";
				CODE_SIGN_STYLE = Automatic;
				CURRENT_PROJECT_VERSION = 1;
				DEVELOPMENT_TEAM = UNM8Q847F3;
				GENERATE_INFOPLIST_FILE = YES;
				IPHONEOS_DEPLOYMENT_TARGET = 18.2;
				MARKETING_VERSION = 1.0;
				PRODUCT_BUNDLE_IDENTIFIER = "br.com.jeratech.NASA-AppTests";
				PRODUCT_NAME = "$(TARGET_NAME)";
				SWIFT_EMIT_LOC_STRINGS = NO;
				SWIFT_VERSION = 5.0;
				TARGETED_DEVICE_FAMILY = "1,2";
				TEST_HOST = "$(BUILT_PRODUCTS_DIR)/NASA_App.app/$(BUNDLE_EXECUTABLE_FOLDER_PATH)/NASA_App";
			};
			name = Release;
		};
		20819F852D4C459C009D5517 /* Debug */ = {
			isa = XCBuildConfiguration;
			buildSettings = {
				CODE_SIGN_STYLE = Automatic;
				CURRENT_PROJECT_VERSION = 1;
				DEVELOPMENT_TEAM = UNM8Q847F3;
				GENERATE_INFOPLIST_FILE = YES;
				MARKETING_VERSION = 1.0;
				PRODUCT_BUNDLE_IDENTIFIER = "br.com.jeratech.NASA-AppUITests";
				PRODUCT_NAME = "$(TARGET_NAME)";
				SWIFT_EMIT_LOC_STRINGS = NO;
				SWIFT_VERSION = 5.0;
				TARGETED_DEVICE_FAMILY = "1,2";
				TEST_TARGET_NAME = NASA_App;
			};
			name = Debug;
		};
		20819F862D4C459C009D5517 /* Release */ = {
			isa = XCBuildConfiguration;
			buildSettings = {
				CODE_SIGN_STYLE = Automatic;
				CURRENT_PROJECT_VERSION = 1;
				DEVELOPMENT_TEAM = UNM8Q847F3;
				GENERATE_INFOPLIST_FILE = YES;
				MARKETING_VERSION = 1.0;
				PRODUCT_BUNDLE_IDENTIFIER = "br.com.jeratech.NASA-AppUITests";
				PRODUCT_NAME = "$(TARGET_NAME)";
				SWIFT_EMIT_LOC_STRINGS = NO;
				SWIFT_VERSION = 5.0;
				TARGETED_DEVICE_FAMILY = "1,2";
				TEST_TARGET_NAME = NASA_App;
			};
			name = Release;
		};
/* End XCBuildConfiguration section */

/* Begin XCConfigurationList section */
		20819F532D4C4599009D5517 /* Build configuration list for PBXProject "NASA_App" */ = {
			isa = XCConfigurationList;
			buildConfigurations = (
				20819F7C2D4C459C009D5517 /* Debug */,
				20819F7D2D4C459C009D5517 /* Release */,
			);
			defaultConfigurationIsVisible = 0;
			defaultConfigurationName = Release;
		};
		20819F7E2D4C459C009D5517 /* Build configuration list for PBXNativeTarget "NASA_App" */ = {
			isa = XCConfigurationList;
			buildConfigurations = (
				20819F7F2D4C459C009D5517 /* Debug */,
				20819F802D4C459C009D5517 /* Release */,
			);
			defaultConfigurationIsVisible = 0;
			defaultConfigurationName = Release;
		};
		20819F812D4C459C009D5517 /* Build configuration list for PBXNativeTarget "NASA_AppTests" */ = {
			isa = XCConfigurationList;
			buildConfigurations = (
				20819F822D4C459C009D5517 /* Debug */,
				20819F832D4C459C009D5517 /* Release */,
			);
			defaultConfigurationIsVisible = 0;
			defaultConfigurationName = Release;
		};
		20819F842D4C459C009D5517 /* Build configuration list for PBXNativeTarget "NASA_AppUITests" */ = {
			isa = XCConfigurationList;
			buildConfigurations = (
				20819F852D4C459C009D5517 /* Debug */,
				20819F862D4C459C009D5517 /* Release */,
			);
			defaultConfigurationIsVisible = 0;
			defaultConfigurationName = Release;
		};
/* End XCConfigurationList section */

/* Begin XCLocalSwiftPackageReference section */
		20F483402D4D9DB20079019C /* XCLocalSwiftPackageReference "RequestLib" */ = {
			isa = XCLocalSwiftPackageReference;
			relativePath = RequestLib;
		};
/* End XCLocalSwiftPackageReference section */

/* Begin XCRemoteSwiftPackageReference section */
		20819FA32D4C5738009D5517 /* XCRemoteSwiftPackageReference "swift-composable-architecture" */ = {
			isa = XCRemoteSwiftPackageReference;
			repositoryURL = "https://github.com/pointfreeco/swift-composable-architecture";
			requirement = {
				kind = upToNextMajorVersion;
				minimumVersion = 1.17.1;
			};
		};
/* End XCRemoteSwiftPackageReference section */

/* Begin XCSwiftPackageProductDependency section */
		20819FA42D4C5738009D5517 /* ComposableArchitecture */ = {
			isa = XCSwiftPackageProductDependency;
			package = 20819FA32D4C5738009D5517 /* XCRemoteSwiftPackageReference "swift-composable-architecture" */;
			productName = ComposableArchitecture;
		};
		20F483412D4D9DB20079019C /* RequestLib */ = {
			isa = XCSwiftPackageProductDependency;
			productName = RequestLib;
		};
/* End XCSwiftPackageProductDependency section */
	};
	rootObject = 20819F502D4C4599009D5517 /* Project object */;
}
